
Microsoft Visual Studio Solution File, Format Version 12.00
# Visual Studio Version 17
VisualStudioVersion = 17.5.002.0
MinimumVisualStudioVersion = 10.0.40219.1
Project("{2150E333-8FDC-42A3-9474-1A3956D46DE8}") = "week01", "week01", "{77F68468-55C8-4A87-810D-C05327E9F937}"
EndProject
Project("{9A19103F-16F7-4668-BE54-9A1E7A4F7556}") = "code", "week01\code\code.csproj", "{43D2D0B8-093D-435C-A556-98A1220B9840}"
EndProject
Project("{9A19103F-16F7-4668-BE54-9A1E7A4F7556}") = "analyze", "week01\analyze\analyze.csproj", "{D3A038A9-239F-4426-A2B3-015A95E2E6DC}"
EndProject
Project("{9A19103F-16F7-4668-BE54-9A1E7A4F7556}") = "teach", "week01\teach\teach.csproj", "{5129DE2E-D3A1-41A6-B109-796670908958}"
EndProject
Project("{2150E333-8FDC-42A3-9474-1A3956D46DE8}") = "week06", "week06", "{651CC6A3-E292-4057-AEBF-7F1B450319E9}"
EndProject
Project("{9A19103F-16F7-4668-BE54-9A1E7A4F7556}") = "code", "week06\code\code.csproj", "{D9FB9D4F-6B48-426C-A257-AEFEE3A22A51}"
EndProject
Project("{2150E333-8FDC-42A3-9474-1A3956D46DE8}") = "sandbox", "sandbox", "{462C326F-0FEC-4C1D-8A4A-82D6C8343396}"
EndProject
Project("{9A19103F-16F7-4668-BE54-9A1E7A4F7556}") = "sandbox_project", "sandbox\sandbox_project\sandbox_project.csproj", "{D6E7A51C-0401-4635-B181-C86051D86B58}"
EndProject
Project("{2150E333-8FDC-42A3-9474-1A3956D46DE8}") = "week05", "week05", "{D8074561-1E85-48C4-B349-44D30E769BC1}"
EndProject
Project("{9A19103F-16F7-4668-BE54-9A1E7A4F7556}") = "code", "week05\code\code.csproj", "{47D328E1-F15C-4782-927D-1CB706310DDF}"
EndProject
Project("{2150E333-8FDC-42A3-9474-1A3956D46DE8}") = "week02", "week02", "{1741ECD3-7CE9-487B-A576-1A4DE97D13E5}"
EndProject
Project("{9A19103F-16F7-4668-BE54-9A1E7A4F7556}") = "learn", "week02\learn\learn.csproj", "{A2615AD8-C93F-45CA-88CC-FC12F39B0439}"
EndProject
Project("{9A19103F-16F7-4668-BE54-9A1E7A4F7556}") = "code", "week02\code\code.csproj", "{15B17C8D-1126-43BD-9C7F-5CFE96B506BF}"
EndProject
Project("{9A19103F-16F7-4668-BE54-9A1E7A4F7556}") = "analyze", "week02\analyze\analyze.csproj", "{FA65F9E7-AC32-4DEC-841E-522D67D8DF31}"
EndProject
Project("{9A19103F-16F7-4668-BE54-9A1E7A4F7556}") = "teach", "week02\teach\teach.csproj", "{E1DC78F7-7E58-4E30-A7DA-7F37AF4E334C}"
EndProject
Project("{2150E333-8FDC-42A3-9474-1A3956D46DE8}") = "week03", "week03", "{F6950DC2-F512-464A-9057-ACE588D40887}"
EndProject
Project("{9A19103F-16F7-4668-BE54-9A1E7A4F7556}") = "learn", "week03\learn\learn.csproj", "{1D404D08-D733-4012-8B9F-ABECF93C412A}"
EndProject
Project("{9A19103F-16F7-4668-BE54-9A1E7A4F7556}") = "code", "week03\code\code.csproj", "{C8D0264A-B392-4BEA-B54C-1DF6D86572ED}"
EndProject
Project("{9A19103F-16F7-4668-BE54-9A1E7A4F7556}") = "teach", "week03\teach\teach.csproj", "{F2F7CD32-9BD5-420C-AA6A-E413D51C3A60}"
EndProject
Project("{2150E333-8FDC-42A3-9474-1A3956D46DE8}") = "week04", "week04", "{FCAF61E5-2B68-4037-A0D6-7B62FB2DF350}"
EndProject
Project("{9A19103F-16F7-4668-BE54-9A1E7A4F7556}") = "code", "week04\code\code.csproj", "{DD6667EE-0753-445E-9FA8-A86CB6112C06}"
EndProject
Global
	GlobalSection(SolutionConfigurationPlatforms) = preSolution
		Debug|Any CPU = Debug|Any CPU
		Release|Any CPU = Release|Any CPU
	EndGlobalSection
	GlobalSection(ProjectConfigurationPlatforms) = postSolution
		{43D2D0B8-093D-435C-A556-98A1220B9840}.Debug|Any CPU.ActiveCfg = Debug|Any CPU
		{43D2D0B8-093D-435C-A556-98A1220B9840}.Debug|Any CPU.Build.0 = Debug|Any CPU
		{43D2D0B8-093D-435C-A556-98A1220B9840}.Release|Any CPU.ActiveCfg = Release|Any CPU
		{43D2D0B8-093D-435C-A556-98A1220B9840}.Release|Any CPU.Build.0 = Release|Any CPU
		{D3A038A9-239F-4426-A2B3-015A95E2E6DC}.Debug|Any CPU.ActiveCfg = Debug|Any CPU
		{D3A038A9-239F-4426-A2B3-015A95E2E6DC}.Debug|Any CPU.Build.0 = Debug|Any CPU
		{D3A038A9-239F-4426-A2B3-015A95E2E6DC}.Release|Any CPU.ActiveCfg = Release|Any CPU
		{D3A038A9-239F-4426-A2B3-015A95E2E6DC}.Release|Any CPU.Build.0 = Release|Any CPU
		{5129DE2E-D3A1-41A6-B109-796670908958}.Debug|Any CPU.ActiveCfg = Debug|Any CPU
		{5129DE2E-D3A1-41A6-B109-796670908958}.Debug|Any CPU.Build.0 = Debug|Any CPU
		{5129DE2E-D3A1-41A6-B109-796670908958}.Release|Any CPU.ActiveCfg = Release|Any CPU
		{5129DE2E-D3A1-41A6-B109-796670908958}.Release|Any CPU.Build.0 = Release|Any CPU
		{D9FB9D4F-6B48-426C-A257-AEFEE3A22A51}.Debug|Any CPU.ActiveCfg = Debug|Any CPU
		{D9FB9D4F-6B48-426C-A257-AEFEE3A22A51}.Debug|Any CPU.Build.0 = Debug|Any CPU
		{D9FB9D4F-6B48-426C-A257-AEFEE3A22A51}.Release|Any CPU.ActiveCfg = Release|Any CPU
		{D9FB9D4F-6B48-426C-A257-AEFEE3A22A51}.Release|Any CPU.Build.0 = Release|Any CPU
		{D6E7A51C-0401-4635-B181-C86051D86B58}.Debug|Any CPU.ActiveCfg = Debug|Any CPU
		{D6E7A51C-0401-4635-B181-C86051D86B58}.Debug|Any CPU.Build.0 = Debug|Any CPU
		{D6E7A51C-0401-4635-B181-C86051D86B58}.Release|Any CPU.ActiveCfg = Release|Any CPU
		{D6E7A51C-0401-4635-B181-C86051D86B58}.Release|Any CPU.Build.0 = Release|Any CPU
		{47D328E1-F15C-4782-927D-1CB706310DDF}.Debug|Any CPU.ActiveCfg = Debug|Any CPU
		{47D328E1-F15C-4782-927D-1CB706310DDF}.Debug|Any CPU.Build.0 = Debug|Any CPU
		{47D328E1-F15C-4782-927D-1CB706310DDF}.Release|Any CPU.ActiveCfg = Release|Any CPU
		{47D328E1-F15C-4782-927D-1CB706310DDF}.Release|Any CPU.Build.0 = Release|Any CPU
		{A2615AD8-C93F-45CA-88CC-FC12F39B0439}.Debug|Any CPU.ActiveCfg = Debug|Any CPU
		{A2615AD8-C93F-45CA-88CC-FC12F39B0439}.Debug|Any CPU.Build.0 = Debug|Any CPU
		{A2615AD8-C93F-45CA-88CC-FC12F39B0439}.Release|Any CPU.ActiveCfg = Release|Any CPU
		{A2615AD8-C93F-45CA-88CC-FC12F39B0439}.Release|Any CPU.Build.0 = Release|Any CPU
		{15B17C8D-1126-43BD-9C7F-5CFE96B506BF}.Debug|Any CPU.ActiveCfg = Debug|Any CPU
		{15B17C8D-1126-43BD-9C7F-5CFE96B506BF}.Debug|Any CPU.Build.0 = Debug|Any CPU
		{15B17C8D-1126-43BD-9C7F-5CFE96B506BF}.Release|Any CPU.ActiveCfg = Release|Any CPU
		{15B17C8D-1126-43BD-9C7F-5CFE96B506BF}.Release|Any CPU.Build.0 = Release|Any CPU
		{FA65F9E7-AC32-4DEC-841E-522D67D8DF31}.Debug|Any CPU.ActiveCfg = Debug|Any CPU
		{FA65F9E7-AC32-4DEC-841E-522D67D8DF31}.Debug|Any CPU.Build.0 = Debug|Any CPU
		{FA65F9E7-AC32-4DEC-841E-522D67D8DF31}.Release|Any CPU.ActiveCfg = Release|Any CPU
		{FA65F9E7-AC32-4DEC-841E-522D67D8DF31}.Release|Any CPU.Build.0 = Release|Any CPU
		{E1DC78F7-7E58-4E30-A7DA-7F37AF4E334C}.Debug|Any CPU.ActiveCfg = Debug|Any CPU
		{E1DC78F7-7E58-4E30-A7DA-7F37AF4E334C}.Debug|Any CPU.Build.0 = Debug|Any CPU
		{E1DC78F7-7E58-4E30-A7DA-7F37AF4E334C}.Release|Any CPU.ActiveCfg = Release|Any CPU
		{E1DC78F7-7E58-4E30-A7DA-7F37AF4E334C}.Release|Any CPU.Build.0 = Release|Any CPU
		{1D404D08-D733-4012-8B9F-ABECF93C412A}.Debug|Any CPU.ActiveCfg = Debug|Any CPU
		{1D404D08-D733-4012-8B9F-ABECF93C412A}.Debug|Any CPU.Build.0 = Debug|Any CPU
		{1D404D08-D733-4012-8B9F-ABECF93C412A}.Release|Any CPU.ActiveCfg = Release|Any CPU
		{1D404D08-D733-4012-8B9F-ABECF93C412A}.Release|Any CPU.Build.0 = Release|Any CPU
		{C8D0264A-B392-4BEA-B54C-1DF6D86572ED}.Debug|Any CPU.ActiveCfg = Debug|Any CPU
		{C8D0264A-B392-4BEA-B54C-1DF6D86572ED}.Debug|Any CPU.Build.0 = Debug|Any CPU
		{C8D0264A-B392-4BEA-B54C-1DF6D86572ED}.Release|Any CPU.ActiveCfg = Release|Any CPU
		{C8D0264A-B392-4BEA-B54C-1DF6D86572ED}.Release|Any CPU.Build.0 = Release|Any CPU
		{F2F7CD32-9BD5-420C-AA6A-E413D51C3A60}.Debug|Any CPU.ActiveCfg = Debug|Any CPU
		{F2F7CD32-9BD5-420C-AA6A-E413D51C3A60}.Debug|Any CPU.Build.0 = Debug|Any CPU
		{F2F7CD32-9BD5-420C-AA6A-E413D51C3A60}.Release|Any CPU.ActiveCfg = Release|Any CPU
		{F2F7CD32-9BD5-420C-AA6A-E413D51C3A60}.Release|Any CPU.Build.0 = Release|Any CPU
		{DD6667EE-0753-445E-9FA8-A86CB6112C06}.Debug|Any CPU.ActiveCfg = Debug|Any CPU
		{DD6667EE-0753-445E-9FA8-A86CB6112C06}.Debug|Any CPU.Build.0 = Debug|Any CPU
		{DD6667EE-0753-445E-9FA8-A86CB6112C06}.Release|Any CPU.ActiveCfg = Release|Any CPU
		{DD6667EE-0753-445E-9FA8-A86CB6112C06}.Release|Any CPU.Build.0 = Release|Any CPU
	EndGlobalSection
	GlobalSection(SolutionProperties) = preSolution
		HideSolutionNode = FALSE
	EndGlobalSection
	GlobalSection(NestedProjects) = preSolution
		{43D2D0B8-093D-435C-A556-98A1220B9840} = {77F68468-55C8-4A87-810D-C05327E9F937}
		{D3A038A9-239F-4426-A2B3-015A95E2E6DC} = {77F68468-55C8-4A87-810D-C05327E9F937}
		{5129DE2E-D3A1-41A6-B109-796670908958} = {77F68468-55C8-4A87-810D-C05327E9F937}
		{D9FB9D4F-6B48-426C-A257-AEFEE3A22A51} = {651CC6A3-E292-4057-AEBF-7F1B450319E9}
		{D6E7A51C-0401-4635-B181-C86051D86B58} = {462C326F-0FEC-4C1D-8A4A-82D6C8343396}
		{47D328E1-F15C-4782-927D-1CB706310DDF} = {D8074561-1E85-48C4-B349-44D30E769BC1}
		{A2615AD8-C93F-45CA-88CC-FC12F39B0439} = {1741ECD3-7CE9-487B-A576-1A4DE97D13E5}
		{15B17C8D-1126-43BD-9C7F-5CFE96B506BF} = {1741ECD3-7CE9-487B-A576-1A4DE97D13E5}
		{FA65F9E7-AC32-4DEC-841E-522D67D8DF31} = {1741ECD3-7CE9-487B-A576-1A4DE97D13E5}
		{E1DC78F7-7E58-4E30-A7DA-7F37AF4E334C} = {1741ECD3-7CE9-487B-A576-1A4DE97D13E5}
		{1D404D08-D733-4012-8B9F-ABECF93C412A} = {F6950DC2-F512-464A-9057-ACE588D40887}
		{C8D0264A-B392-4BEA-B54C-1DF6D86572ED} = {F6950DC2-F512-464A-9057-ACE588D40887}
		{F2F7CD32-9BD5-420C-AA6A-E413D51C3A60} = {F6950DC2-F512-464A-9057-ACE588D40887}
		{DD6667EE-0753-445E-9FA8-A86CB6112C06} = {FCAF61E5-2B68-4037-A0D6-7B62FB2DF350}
	EndGlobalSection
	GlobalSection(ExtensibilityGlobals) = postSolution
		SolutionGuid = {167150C1-137A-4B6C-9417-BC977EE0174E}
	EndGlobalSection
EndGlobal
